
Microsoft Visual Studio Solution File, Format Version 12.00
# Visual Studio 2015
Project("{FAE04EC0-301F-11D3-BF4B-00C04F79EFBC}") = "Broil", "Broil.csproj", "{918DCAD0-326C-9AD7-2527-3E129B6FF766}"
EndProject
Global
	GlobalSection(SolutionConfigurationPlatforms) = preSolution
		Debug|Any CPU = Debug|Any CPU
		Release|Any CPU = Release|Any CPU
	EndGlobalSection
	GlobalSection(ProjectConfigurationPlatforms) = postSolution
		{918DCAD0-326C-9AD7-2527-3E129B6FF766}.Debug|Any CPU.ActiveCfg = Debug|Any CPU
		{918DCAD0-326C-9AD7-2527-3E129B6FF766}.Debug|Any CPU.Build.0 = Debug|Any CPU
		{918DCAD0-326C-9AD7-2527-3E129B6FF766}.Release|Any CPU.ActiveCfg = Release|Any CPU
		{918DCAD0-326C-9AD7-2527-3E129B6FF766}.Release|Any CPU.Build.0 = Release|Any CPU
	EndGlobalSection
	GlobalSection(SolutionProperties) = preSolution
		HideSolutionNode = FALSE
	EndGlobalSection
EndGlobal
